
Microsoft Visual Studio Solution File, Format Version 11.00
# Visual Studio 2010
Project("{FAE04EC0-301F-11D3-BF4B-00C04F79EFBC}") = "ChessFive", "Assembly-CSharp.csproj", "{B9172D5D-C95F-3EAB-9D33-97328E01CF5C}"
EndProject
Global
	GlobalSection(SolutionConfigurationPlatforms) = preSolution
		Debug|Any CPU = Debug|Any CPU
		Release|Any CPU = Release|Any CPU
	EndGlobalSection
	GlobalSection(ProjectConfigurationPlatforms) = postSolution
		{B9172D5D-C95F-3EAB-9D33-97328E01CF5C}.Debug|Any CPU.ActiveCfg = Debug|Any CPU
		{B9172D5D-C95F-3EAB-9D33-97328E01CF5C}.Debug|Any CPU.Build.0 = Debug|Any CPU
		{B9172D5D-C95F-3EAB-9D33-97328E01CF5C}.Release|Any CPU.ActiveCfg = Release|Any CPU
		{B9172D5D-C95F-3EAB-9D33-97328E01CF5C}.Release|Any CPU.Build.0 = Release|Any CPU
	EndGlobalSection
	GlobalSection(SolutionProperties) = preSolution
		HideSolutionNode = FALSE
	EndGlobalSection
	GlobalSection(MonoDevelopProperties) = preSolution
		StartupItem = Assembly-CSharp.csproj
	EndGlobalSection
EndGlobal
